
Microsoft Visual Studio Solution File, Format Version 12.00
# Visual Studio Version 17
VisualStudioVersion = 17.2.32210.308
MinimumVisualStudioVersion = 10.0.40219.1
Project("{FAE04EC0-301F-11D3-BF4B-00C04F79EFBC}") = "MicrosoftGraphExamples", "MicrosoftGraphExamples\MicrosoftGraphExamples.csproj", "{77A9A867-ED9E-4035-8AC8-CEC488451D52}"
EndProject
Global
	GlobalSection(SolutionConfigurationPlatforms) = preSolution
		Debug|Any CPU = Debug|Any CPU
		Release|Any CPU = Release|Any CPU
	EndGlobalSection
	GlobalSection(ProjectConfigurationPlatforms) = postSolution
		{77A9A867-ED9E-4035-8AC8-CEC488451D52}.Debug|Any CPU.ActiveCfg = Debug|Any CPU
		{77A9A867-ED9E-4035-8AC8-CEC488451D52}.Debug|Any CPU.Build.0 = Debug|Any CPU
		{77A9A867-ED9E-4035-8AC8-CEC488451D52}.Release|Any CPU.ActiveCfg = Release|Any CPU
		{77A9A867-ED9E-4035-8AC8-CEC488451D52}.Release|Any CPU.Build.0 = Release|Any CPU
	EndGlobalSection
	GlobalSection(SolutionProperties) = preSolution
		HideSolutionNode = FALSE
	EndGlobalSection
	GlobalSection(ExtensibilityGlobals) = postSolution
		SolutionGuid = {E8F3AA88-D83C-4368-AF66-74F8D3FD5F6F}
	EndGlobalSection
EndGlobal
